// !$*UTF8*$!
{
	archiveVersion = 1;
	classes = {
	};
	objectVersion = 48;
	objects = {

/* Begin PBXBuildFile section */
		87325BB41FAB758E00F2CF15 /* AppDelegate.swift in Sources */ = {isa = PBXBuildFile; fileRef = 87325BB31FAB758E00F2CF15 /* AppDelegate.swift */; };
		87325BB91FAB758E00F2CF15 /* Main.storyboard in Resources */ = {isa = PBXBuildFile; fileRef = 87325BB71FAB758E00F2CF15 /* Main.storyboard */; };
		87325BBB1FAB758E00F2CF15 /* Assets.xcassets in Resources */ = {isa = PBXBuildFile; fileRef = 87325BBA1FAB758E00F2CF15 /* Assets.xcassets */; };
		87325BBE1FAB758E00F2CF15 /* LaunchScreen.storyboard in Resources */ = {isa = PBXBuildFile; fileRef = 87325BBC1FAB758E00F2CF15 /* LaunchScreen.storyboard */; };
		87325BC91FAB782500F2CF15 /* BlockOperationViewController.swift in Sources */ = {isa = PBXBuildFile; fileRef = 87325BC81FAB782500F2CF15 /* BlockOperationViewController.swift */; };
/* End PBXBuildFile section */

/* Begin PBXFileReference section */
		87325BB01FAB758E00F2CF15 /* OperationQueuesExploration.app */ = {isa = PBXFileReference; explicitFileType = wrapper.application; includeInIndex = 0; path = OperationQueuesExploration.app; sourceTree = BUILT_PRODUCTS_DIR; };
		87325BB31FAB758E00F2CF15 /* AppDelegate.swift */ = {isa = PBXFileReference; lastKnownFileType = sourcecode.swift; path = AppDelegate.swift; sourceTree = "<group>"; };
		87325BB81FAB758E00F2CF15 /* Base */ = {isa = PBXFileReference; lastKnownFileType = file.storyboard; name = Base; path = Base.lproj/Main.storyboard; sourceTree = "<group>"; };
		87325BBA1FAB758E00F2CF15 /* Assets.xcassets */ = {isa = PBXFileReference; lastKnownFileType = folder.assetcatalog; path = Assets.xcassets; sourceTree = "<group>"; };
		87325BBD1FAB758E00F2CF15 /* Base */ = {isa = PBXFileReference; lastKnownFileType = file.storyboard; name = Base; path = Base.lproj/LaunchScreen.storyboard; sourceTree = "<group>"; };
		87325BBF1FAB758E00F2CF15 /* Info.plist */ = {isa = PBXFileReference; lastKnownFileType = text.plist.xml; path = Info.plist; sourceTree = "<group>"; };
		87325BC81FAB782500F2CF15 /* BlockOperationViewController.swift */ = {isa = PBXFileReference; lastKnownFileType = sourcecode.swift; path = BlockOperationViewController.swift; sourceTree = "<group>"; };
/* End PBXFileReference section */

/* Begin PBXFrameworksBuildPhase section */
		87325BAD1FAB758E00F2CF15 /* Frameworks */ = {
			isa = PBXFrameworksBuildPhase;
			buildActionMask = 2147483647;
			files = (
			);
			runOnlyForDeploymentPostprocessing = 0;
		};
/* End PBXFrameworksBuildPhase section */

/* Begin PBXGroup section */
		87325BA71FAB758E00F2CF15 = {
			isa = PBXGroup;
			children = (
				87325BB21FAB758E00F2CF15 /* OperationQueuesExploration */,
				87325BB11FAB758E00F2CF15 /* Products */,
			);
			sourceTree = "<group>";
		};
		87325BB11FAB758E00F2CF15 /* Products */ = {
			isa = PBXGroup;
			children = (
				87325BB01FAB758E00F2CF15 /* OperationQueuesExploration.app */,
			);
			name = Products;
			sourceTree = "<group>";
		};
		87325BB21FAB758E00F2CF15 /* OperationQueuesExploration */ = {
			isa = PBXGroup;
			children = (
				87325BC51FAB76C100F2CF15 /* Sources */,
				87325BB71FAB758E00F2CF15 /* Main.storyboard */,
				87325BBA1FAB758E00F2CF15 /* Assets.xcassets */,
				87325BBC1FAB758E00F2CF15 /* LaunchScreen.storyboard */,
				87325BBF1FAB758E00F2CF15 /* Info.plist */,
			);
			path = OperationQueuesExploration;
			sourceTree = "<group>";
		};
		87325BC51FAB76C100F2CF15 /* Sources */ = {
			isa = PBXGroup;
			children = (
				87325BC71FAB780B00F2CF15 /* BlockOperation */,
				87325BC61FAB77FC00F2CF15 /* AppDelegate */,
			);
			path = Sources;
			sourceTree = "<group>";
		};
		87325BC61FAB77FC00F2CF15 /* AppDelegate */ = {
			isa = PBXGroup;
			children = (
				87325BB31FAB758E00F2CF15 /* AppDelegate.swift */,
			);
			path = AppDelegate;
			sourceTree = "<group>";
		};
		87325BC71FAB780B00F2CF15 /* BlockOperation */ = {
			isa = PBXGroup;
			children = (
				87325BC81FAB782500F2CF15 /* BlockOperationViewController.swift */,
			);
			path = BlockOperation;
			sourceTree = "<group>";
		};
/* End PBXGroup section */

/* Begin PBXNativeTarget section */
		87325BAF1FAB758E00F2CF15 /* OperationQueuesExploration */ = {
			isa = PBXNativeTarget;
			buildConfigurationList = 87325BC21FAB758E00F2CF15 /* Build configuration list for PBXNativeTarget "OperationQueuesExploration" */;
			buildPhases = (
				87325BAC1FAB758E00F2CF15 /* Sources */,
				87325BAD1FAB758E00F2CF15 /* Frameworks */,
				87325BAE1FAB758E00F2CF15 /* Resources */,
			);
			buildRules = (
			);
			dependencies = (
			);
			name = OperationQueuesExploration;
			productName = OperationQueuesExploration;
			productReference = 87325BB01FAB758E00F2CF15 /* OperationQueuesExploration.app */;
			productType = "com.apple.product-type.application";
		};
/* End PBXNativeTarget section */

/* Begin PBXProject section */
		87325BA81FAB758E00F2CF15 /* Project object */ = {
			isa = PBXProject;
			attributes = {
				LastSwiftUpdateCheck = 0910;
				LastUpgradeCheck = 0910;
				ORGANIZATIONNAME = "Anthony Merle";
				TargetAttributes = {
					87325BAF1FAB758E00F2CF15 = {
						CreatedOnToolsVersion = 9.1;
						ProvisioningStyle = Automatic;
					};
				};
			};
			buildConfigurationList = 87325BAB1FAB758E00F2CF15 /* Build configuration list for PBXProject "OperationQueuesExploration" */;
			compatibilityVersion = "Xcode 8.0";
			developmentRegion = en;
			hasScannedForEncodings = 0;
			knownRegions = (
				en,
				Base,
			);
			mainGroup = 87325BA71FAB758E00F2CF15;
			productRefGroup = 87325BB11FAB758E00F2CF15 /* Products */;
			projectDirPath = "";
			projectRoot = "";
			targets = (
				87325BAF1FAB758E00F2CF15 /* OperationQueuesExploration */,
			);
		};
/* End PBXProject section */

/* Begin PBXResourcesBuildPhase section */
		87325BAE1FAB758E00F2CF15 /* Resources */ = {
			isa = PBXResourcesBuildPhase;
			buildActionMask = 2147483647;
			files = (
				87325BBE1FAB758E00F2CF15 /* LaunchScreen.storyboard in Resources */,
				87325BBB1FAB758E00F2CF15 /* Assets.xcassets in Resources */,
				87325BB91FAB758E00F2CF15 /* Main.storyboard in Resources */,
			);
			runOnlyForDeploymentPostprocessing = 0;
		};
/* End PBXResourcesBuildPhase section */

/* Begin PBXSourcesBuildPhase section */
		87325BAC1FAB758E00F2CF15 /* Sources */ = {
			isa = PBXSourcesBuildPhase;
			buildActionMask = 2147483647;
			files = (
				87325BC91FAB782500F2CF15 /* BlockOperationViewController.swift in Sources */,
				87325BB41FAB758E00F2CF15 /* AppDelegate.swift in Sources */,
			);
			runOnlyForDeploymentPostprocessing = 0;
		};
/* End PBXSourcesBuildPhase section */

/* Begin PBXVariantGroup section */
		87325BB71FAB758E00F2CF15 /* Main.storyboard */ = {
			isa = PBXVariantGroup;
			children = (
				87325BB81FAB758E00F2CF15 /* Base */,
			);
			name = Main.storyboard;
			sourceTree = "<group>";
		};
		87325BBC1FAB758E00F2CF15 /* LaunchScreen.storyboard */ = {
			isa = PBXVariantGroup;
			children = (
				87325BBD1FAB758E00F2CF15 /* Base */,
			);
			name = LaunchScreen.storyboard;
			sourceTree = "<group>";
		};
/* End PBXVariantGroup section */

/* Begin XCBuildConfiguration section */
		87325BC01FAB758E00F2CF15 /* Debug */ = {
			isa = XCBuildConfiguration;
			buildSettings = {
				ALWAYS_SEARCH_USER_PATHS = NO;
				CLANG_ANALYZER_NONNULL = YES;
				CLANG_ANALYZER_NUMBER_OBJECT_CONVERSION = YES_AGGRESSIVE;
				CLANG_CXX_LANGUAGE_STANDARD = "gnu++14";
				CLANG_CXX_LIBRARY = "libc++";
				CLANG_ENABLE_MODULES = YES;
				CLANG_ENABLE_OBJC_ARC = YES;
				CLANG_WARN_BLOCK_CAPTURE_AUTORELEASING = YES;
				CLANG_WARN_BOOL_CONVERSION = YES;
				CLANG_WARN_COMMA = YES;
				CLANG_WARN_CONSTANT_CONVERSION = YES;
				CLANG_WARN_DIRECT_OBJC_ISA_USAGE = YES_ERROR;
				CLANG_WARN_DOCUMENTATION_COMMENTS = YES;
				CLANG_WARN_EMPTY_BODY = YES;
				CLANG_WARN_ENUM_CONVERSION = YES;
				CLANG_WARN_INFINITE_RECURSION = YES;
				CLANG_WARN_INT_CONVERSION = YES;
				CLANG_WARN_NON_LITERAL_NULL_CONVERSION = YES;
				CLANG_WARN_OBJC_LITERAL_CONVERSION = YES;
				CLANG_WARN_OBJC_ROOT_CLASS = YES_ERROR;
				CLANG_WARN_RANGE_LOOP_ANALYSIS = YES;
				CLANG_WARN_STRICT_PROTOTYPES = YES;
				CLANG_WARN_SUSPICIOUS_MOVE = YES;
				CLANG_WARN_UNGUARDED_AVAILABILITY = YES_AGGRESSIVE;
				CLANG_WARN_UNREACHABLE_CODE = YES;
				CLANG_WARN__DUPLICATE_METHOD_MATCH = YES;
				CODE_SIGN_IDENTITY = "iPhone Developer";
				COPY_PHASE_STRIP = NO;
				DEBUG_INFORMATION_FORMAT = dwarf;
				ENABLE_STRICT_OBJC_MSGSEND = YES;
				ENABLE_TESTABILITY = YES;
				GCC_C_LANGUAGE_STANDARD = gnu11;
				GCC_DYNAMIC_NO_PIC = NO;
				GCC_NO_COMMON_BLOCKS = YES;
				GCC_OPTIMIZATION_LEVEL = 0;
				GCC_PREPROCESSOR_DEFINITIONS = (
					"DEBUG=1",
					"$(inherited)",
				);
				GCC_WARN_64_TO_32_BIT_CONVERSION = YES;
				GCC_WARN_ABOUT_RETURN_TYPE = YES_ERROR;
				GCC_WARN_UNDECLARED_SELECTOR = YES;
				GCC_WARN_UNINITIALIZED_AUTOS = YES_AGGRESSIVE;
				GCC_WARN_UNUSED_FUNCTION = YES;
				GCC_WARN_UNUSED_VARIABLE = YES;
				IPHONEOS_DEPLOYMENT_TARGET = 11.1;
				MTL_ENABLE_DEBUG_INFO = YES;
				ONLY_ACTIVE_ARCH = YES;
				SDKROOT = iphoneos;
				SWIFT_ACTIVE_COMPILATION_CONDITIONS = DEBUG;
				SWIFT_OPTIMIZATION_LEVEL = "-Onone";
			};
			name = Debug;
		};
		87325BC11FAB758E00F2CF15 /* Release */ = {
			isa = XCBuildConfiguration;
			buildSettings = {
				ALWAYS_SEARCH_USER_PATHS = NO;
				CLANG_ANALYZER_NONNULL = YES;
				CLANG_ANALYZER_NUMBER_OBJECT_CONVERSION = YES_AGGRESSIVE;
				CLANG_CXX_LANGUAGE_STANDARD = "gnu++14";
				CLANG_CXX_LIBRARY = "libc++";
				CLANG_ENABLE_MODULES = YES;
				CLANG_ENABLE_OBJC_ARC = YES;
				CLANG_WARN_BLOCK_CAPTURE_AUTORELEASING = YES;
				CLANG_WARN_BOOL_CONVERSION = YES;
				CLANG_WARN_COMMA = YES;
				CLANG_WARN_CONSTANT_CONVERSION = YES;
				CLANG_WARN_DIRECT_OBJC_ISA_USAGE = YES_ERROR;
				CLANG_WARN_DOCUMENTATION_COMMENTS = YES;
				CLANG_WARN_EMPTY_BODY = YES;
				CLANG_WARN_ENUM_CONVERSION = YES;
				CLANG_WARN_INFINITE_RECURSION = YES;
				CLANG_WARN_INT_CONVERSION = YES;
				CLANG_WARN_NON_LITERAL_NULL_CONVERSION = YES;
				CLANG_WARN_OBJC_LITERAL_CONVERSION = YES;
				CLANG_WARN_OBJC_ROOT_CLASS = YES_ERROR;
				CLANG_WARN_RANGE_LOOP_ANALYSIS = YES;
				CLANG_WARN_STRICT_PROTOTYPES = YES;
				CLANG_WARN_SUSPICIOUS_MOVE = YES;
				CLANG_WARN_UNGUARDED_AVAILABILITY = YES_AGGRESSIVE;
				CLANG_WARN_UNREACHABLE_CODE = YES;
				CLANG_WARN__DUPLICATE_METHOD_MATCH = YES;
				CODE_SIGN_IDENTITY = "iPhone Developer";
				COPY_PHASE_STRIP = NO;
				DEBUG_INFORMATION_FORMAT = "dwarf-with-dsym";
				ENABLE_NS_ASSERTIONS = NO;
				ENABLE_STRICT_OBJC_MSGSEND = YES;
				GCC_C_LANGUAGE_STANDARD = gnu11;
				GCC_NO_COMMON_BLOCKS = YES;
				GCC_WARN_64_TO_32_BIT_CONVERSION = YES;
				GCC_WARN_ABOUT_RETURN_TYPE = YES_ERROR;
				GCC_WARN_UNDECLARED_SELECTOR = YES;
				GCC_WARN_UNINITIALIZED_AUTOS = YES_AGGRESSIVE;
				GCC_WARN_UNUSED_FUNCTION = YES;
				GCC_WARN_UNUSED_VARIABLE = YES;
				IPHONEOS_DEPLOYMENT_TARGET = 11.1;
				MTL_ENABLE_DEBUG_INFO = NO;
				SDKROOT = iphoneos;
				SWIFT_OPTIMIZATION_LEVEL = "-Owholemodule";
				VALIDATE_PRODUCT = YES;
			};
			name = Release;
		};
		87325BC31FAB758E00F2CF15 /* Debug */ = {
			isa = XCBuildConfiguration;
			buildSettings = {
				ASSETCATALOG_COMPILER_APPICON_NAME = AppIcon;
				CODE_SIGN_STYLE = Automatic;
				DEVELOPMENT_TEAM = JQSW558QPZ;
				INFOPLIST_FILE = OperationQueuesExploration/Info.plist;
				LD_RUNPATH_SEARCH_PATHS = "$(inherited) @executable_path/Frameworks";
				PRODUCT_BUNDLE_IDENTIFIER = com.anthonyMerle.OperationQueuesExploration;
				PRODUCT_NAME = "$(TARGET_NAME)";
				SWIFT_VERSION = 4.0;
				TARGETED_DEVICE_FAMILY = "1,2";
			};
			name = Debug;
		};
		87325BC41FAB758E00F2CF15 /* Release */ = {
			isa = XCBuildConfiguration;
			buildSettings = {
				ASSETCATALOG_COMPILER_APPICON_NAME = AppIcon;
				CODE_SIGN_STYLE = Automatic;
				DEVELOPMENT_TEAM = JQSW558QPZ;
				INFOPLIST_FILE = OperationQueuesExploration/Info.plist;
				LD_RUNPATH_SEARCH_PATHS = "$(inherited) @executable_path/Frameworks";
				PRODUCT_BUNDLE_IDENTIFIER = com.anthonyMerle.OperationQueuesExploration;
				PRODUCT_NAME = "$(TARGET_NAME)";
				SWIFT_VERSION = 4.0;
				TARGETED_DEVICE_FAMILY = "1,2";
			};
			name = Release;
		};
/* End XCBuildConfiguration section */

/* Begin XCConfigurationList section */
		87325BAB1FAB758E00F2CF15 /* Build configuration list for PBXProject "OperationQueuesExploration" */ = {
			isa = XCConfigurationList;
			buildConfigurations = (
				87325BC01FAB758E00F2CF15 /* Debug */,
				87325BC11FAB758E00F2CF15 /* Release */,
			);
			defaultConfigurationIsVisible = 0;
			defaultConfigurationName = Release;
		};
		87325BC21FAB758E00F2CF15 /* Build configuration list for PBXNativeTarget "OperationQueuesExploration" */ = {
			isa = XCConfigurationList;
			buildConfigurations = (
				87325BC31FAB758E00F2CF15 /* Debug */,
				87325BC41FAB758E00F2CF15 /* Release */,
			);
			defaultConfigurationIsVisible = 0;
			defaultConfigurationName = Release;
		};
/* End XCConfigurationList section */
	};
	rootObject = 87325BA81FAB758E00F2CF15 /* Project object */;
}
